// !$*UTF8*$!
{
	archiveVersion = 1;
	classes = {
	};
	objectVersion = 77;
	objects = {

/* Begin PBXContainerItemProxy section */
		364DFEA12E258FED0021D6DC /* PBXContainerItemProxy */ = {
			isa = PBXContainerItemProxy;
			containerPortal = 364DFE8B2E258FEB0021D6DC /* Project object */;
			proxyType = 1;
			remoteGlobalIDString = 364DFE922E258FEB0021D6DC;
			remoteInfo = "Zero Delay";
		};
		364DFEAB2E258FED0021D6DC /* PBXContainerItemProxy */ = {
			isa = PBXContainerItemProxy;
			containerPortal = 364DFE8B2E258FEB0021D6DC /* Project object */;
			proxyType = 1;
			remoteGlobalIDString = 364DFE922E258FEB0021D6DC;
			remoteInfo = "Zero Delay";
		};
/* End PBXContainerItemProxy section */

/* Begin PBXFileReference section */
		364DFE932E258FEB0021D6DC /* Zero Delay.app */ = {isa = PBXFileReference; explicitFileType = wrapper.application; includeInIndex = 0; path = "Zero Delay.app"; sourceTree = BUILT_PRODUCTS_DIR; };
		364DFEA02E258FED0021D6DC /* Zero DelayTests.xctest */ = {isa = PBXFileReference; explicitFileType = wrapper.cfbundle; includeInIndex = 0; path = "Zero DelayTests.xctest"; sourceTree = BUILT_PRODUCTS_DIR; };
		364DFEAA2E258FED0021D6DC /* Zero DelayUITests.xctest */ = {isa = PBXFileReference; explicitFileType = wrapper.cfbundle; includeInIndex = 0; path = "Zero DelayUITests.xctest"; sourceTree = BUILT_PRODUCTS_DIR; };
/* End PBXFileReference section */

/* Begin PBXFileSystemSynchronizedRootGroup section */
		364DFE952E258FEB0021D6DC /* Zero Delay */ = {
			isa = PBXFileSystemSynchronizedRootGroup;
			path = "Zero Delay";
			sourceTree = "<group>";
		};
		364DFEA32E258FED0021D6DC /* Zero DelayTests */ = {
			isa = PBXFileSystemSynchronizedRootGroup;
			path = "Zero DelayTests";
			sourceTree = "<group>";
		};
		364DFEAD2E258FED0021D6DC /* Zero DelayUITests */ = {
			isa = PBXFileSystemSynchronizedRootGroup;
			path = "Zero DelayUITests";
			sourceTree = "<group>";
		};
/* End PBXFileSystemSynchronizedRootGroup section */

/* Begin PBXFrameworksBuildPhase section */
		364DFE902E258FEB0021D6DC /* Frameworks */ = {
			isa = PBXFrameworksBuildPhase;
			buildActionMask = 2147483647;
			files = (
			);
			runOnlyForDeploymentPostprocessing = 0;
		};
		364DFE9D2E258FED0021D6DC /* Frameworks */ = {
			isa = PBXFrameworksBuildPhase;
			buildActionMask = 2147483647;
			files = (
			);
			runOnlyForDeploymentPostprocessing = 0;
		};
		364DFEA72E258FED0021D6DC /* Frameworks */ = {
			isa = PBXFrameworksBuildPhase;
			buildActionMask = 2147483647;
			files = (
			);
			runOnlyForDeploymentPostprocessing = 0;
		};
/* End PBXFrameworksBuildPhase section */

/* Begin PBXGroup section */
		364DFE8A2E258FEB0021D6DC = {
			isa = PBXGroup;
			children = (
				364DFE952E258FEB0021D6DC /* Zero Delay */,
				364DFEA32E258FED0021D6DC /* Zero DelayTests */,
				364DFEAD2E258FED0021D6DC /* Zero DelayUITests */,
				364DFE942E258FEB0021D6DC /* Products */,
			);
			sourceTree = "<group>";
		};
		364DFE942E258FEB0021D6DC /* Products */ = {
			isa = PBXGroup;
			children = (
				364DFE932E258FEB0021D6DC /* Zero Delay.app */,
				364DFEA02E258FED0021D6DC /* Zero DelayTests.xctest */,
				364DFEAA2E258FED0021D6DC /* Zero DelayUITests.xctest */,
			);
			name = Products;
			sourceTree = "<group>";
		};
/* End PBXGroup section */

/* Begin PBXNativeTarget section */
		364DFE922E258FEB0021D6DC /* Zero Delay */ = {
			isa = PBXNativeTarget;
			buildConfigurationList = 364DFEB42E258FED0021D6DC /* Build configuration list for PBXNativeTarget "Zero Delay" */;
			buildPhases = (
				364DFE8F2E258FEB0021D6DC /* Sources */,
				364DFE902E258FEB0021D6DC /* Frameworks */,
				364DFE912E258FEB0021D6DC /* Resources */,
			);
			buildRules = (
			);
			dependencies = (
			);
			fileSystemSynchronizedGroups = (
				364DFE952E258FEB0021D6DC /* Zero Delay */,
			);
			name = "Zero Delay";
			packageProductDependencies = (
			);
			productName = "Zero Delay";
			productReference = 364DFE932E258FEB0021D6DC /* Zero Delay.app */;
			productType = "com.apple.product-type.application";
		};
		364DFE9F2E258FED0021D6DC /* Zero DelayTests */ = {
			isa = PBXNativeTarget;
			buildConfigurationList = 364DFEB72E258FED0021D6DC /* Build configuration list for PBXNativeTarget "Zero DelayTests" */;
			buildPhases = (
				364DFE9C2E258FED0021D6DC /* Sources */,
				364DFE9D2E258FED0021D6DC /* Frameworks */,
				364DFE9E2E258FED0021D6DC /* Resources */,
			);
			buildRules = (
			);
			dependencies = (
				364DFEA22E258FED0021D6DC /* PBXTargetDependency */,
			);
			fileSystemSynchronizedGroups = (
				364DFEA32E258FED0021D6DC /* Zero DelayTests */,
			);
			name = "Zero DelayTests";
			packageProductDependencies = (
			);
			productName = "Zero DelayTests";
			productReference = 364DFEA02E258FED0021D6DC /* Zero DelayTests.xctest */;
			productType = "com.apple.product-type.bundle.unit-test";
		};
		364DFEA92E258FED0021D6DC /* Zero DelayUITests */ = {
			isa = PBXNativeTarget;
			buildConfigurationList = 364DFEBA2E258FED0021D6DC /* Build configuration list for PBXNativeTarget "Zero DelayUITests" */;
			buildPhases = (
				364DFEA62E258FED0021D6DC /* Sources */,
				364DFEA72E258FED0021D6DC /* Frameworks */,
				364DFEA82E258FED0021D6DC /* Resources */,
			);
			buildRules = (
			);
			dependencies = (
				364DFEAC2E258FED0021D6DC /* PBXTargetDependency */,
			);
			fileSystemSynchronizedGroups = (
				364DFEAD2E258FED0021D6DC /* Zero DelayUITests */,
			);
			name = "Zero DelayUITests";
			packageProductDependencies = (
			);
			productName = "Zero DelayUITests";
			productReference = 364DFEAA2E258FED0021D6DC /* Zero DelayUITests.xctest */;
			productType = "com.apple.product-type.bundle.ui-testing";
		};
/* End PBXNativeTarget section */

/* Begin PBXProject section */
		364DFE8B2E258FEB0021D6DC /* Project object */ = {
			isa = PBXProject;
			attributes = {
				BuildIndependentTargetsInParallel = 1;
				LastSwiftUpdateCheck = 1640;
				LastUpgradeCheck = 1640;
				TargetAttributes = {
					364DFE922E258FEB0021D6DC = {
						CreatedOnToolsVersion = 16.4;
					};
					364DFE9F2E258FED0021D6DC = {
						CreatedOnToolsVersion = 16.4;
						TestTargetID = 364DFE922E258FEB0021D6DC;
					};
					364DFEA92E258FED0021D6DC = {
						CreatedOnToolsVersion = 16.4;
						TestTargetID = 364DFE922E258FEB0021D6DC;
					};
				};
			};
			buildConfigurationList = 364DFE8E2E258FEB0021D6DC /* Build configuration list for PBXProject "Zero Delay" */;
			developmentRegion = en;
			hasScannedForEncodings = 0;
			knownRegions = (
				en,
				Base,
			);
			mainGroup = 364DFE8A2E258FEB0021D6DC;
			minimizedProjectReferenceProxies = 1;
			preferredProjectObjectVersion = 77;
			productRefGroup = 364DFE942E258FEB0021D6DC /* Products */;
			projectDirPath = "";
			projectRoot = "";
			targets = (
				364DFE922E258FEB0021D6DC /* Zero Delay */,
				364DFE9F2E258FED0021D6DC /* Zero DelayTests */,
				364DFEA92E258FED0021D6DC /* Zero DelayUITests */,
			);
		};
/* End PBXProject section */

/* Begin PBXResourcesBuildPhase section */
		364DFE912E258FEB0021D6DC /* Resources */ = {
			isa = PBXResourcesBuildPhase;
			buildActionMask = 2147483647;
			files = (
			);
			runOnlyForDeploymentPostprocessing = 0;
		};
		364DFE9E2E258FED0021D6DC /* Resources */ = {
			isa = PBXResourcesBuildPhase;
			buildActionMask = 2147483647;
			files = (
			);
			runOnlyForDeploymentPostprocessing = 0;
		};
		364DFEA82E258FED0021D6DC /* Resources */ = {
			isa = PBXResourcesBuildPhase;
			buildActionMask = 2147483647;
			files = (
			);
			runOnlyForDeploymentPostprocessing = 0;
		};
/* End PBXResourcesBuildPhase section */

/* Begin PBXSourcesBuildPhase section */
		364DFE8F2E258FEB0021D6DC /* Sources */ = {
			isa = PBXSourcesBuildPhase;
			buildActionMask = 2147483647;
			files = (
			);
			runOnlyForDeploymentPostprocessing = 0;
		};
		364DFE9C2E258FED0021D6DC /* Sources */ = {
			isa = PBXSourcesBuildPhase;
			buildActionMask = 2147483647;
			files = (
			);
			runOnlyForDeploymentPostprocessing = 0;
		};
		364DFEA62E258FED0021D6DC /* Sources */ = {
			isa = PBXSourcesBuildPhase;
			buildActionMask = 2147483647;
			files = (
			);
			runOnlyForDeploymentPostprocessing = 0;
		};
/* End PBXSourcesBuildPhase section */

/* Begin PBXTargetDependency section */
		364DFEA22E258FED0021D6DC /* PBXTargetDependency */ = {
			isa = PBXTargetDependency;
			target = 364DFE922E258FEB0021D6DC /* Zero Delay */;
			targetProxy = 364DFEA12E258FED0021D6DC /* PBXContainerItemProxy */;
		};
		364DFEAC2E258FED0021D6DC /* PBXTargetDependency */ = {
			isa = PBXTargetDependency;
			target = 364DFE922E258FEB0021D6DC /* Zero Delay */;
			targetProxy = 364DFEAB2E258FED0021D6DC /* PBXContainerItemProxy */;
		};
/* End PBXTargetDependency section */

/* Begin XCBuildConfiguration section */
		364DFEB22E258FED0021D6DC /* Debug */ = {
			isa = XCBuildConfiguration;
			buildSettings = {
				ALWAYS_SEARCH_USER_PATHS = NO;
				ASSETCATALOG_COMPILER_GENERATE_SWIFT_ASSET_SYMBOL_EXTENSIONS = YES;
				CLANG_ANALYZER_NONNULL = YES;
				CLANG_ANALYZER_NUMBER_OBJECT_CONVERSION = YES_AGGRESSIVE;
				CLANG_CXX_LANGUAGE_STANDARD = "gnu++20";
				CLANG_ENABLE_MODULES = YES;
				CLANG_ENABLE_OBJC_ARC = YES;
				CLANG_ENABLE_OBJC_WEAK = YES;
				CLANG_WARN_BLOCK_CAPTURE_AUTORELEASING = YES;
				CLANG_WARN_BOOL_CONVERSION = YES;
				CLANG_WARN_COMMA = YES;
				CLANG_WARN_CONSTANT_CONVERSION = YES;
				CLANG_WARN_DEPRECATED_OBJC_IMPLEMENTATIONS = YES;
				CLANG_WARN_DIRECT_OBJC_ISA_USAGE = YES_ERROR;
				CLANG_WARN_DOCUMENTATION_COMMENTS = YES;
				CLANG_WARN_EMPTY_BODY = YES;
				CLANG_WARN_ENUM_CONVERSION = YES;
				CLANG_WARN_INFINITE_RECURSION = YES;
				CLANG_WARN_INT_CONVERSION = YES;
				CLANG_WARN_NON_LITERAL_NULL_CONVERSION = YES;
				CLANG_WARN_OBJC_IMPLICIT_RETAIN_SELF = YES;
				CLANG_WARN_OBJC_LITERAL_CONVERSION = YES;
				CLANG_WARN_OBJC_ROOT_CLASS = YES_ERROR;
				CLANG_WARN_QUOTED_INCLUDE_IN_FRAMEWORK_HEADER = YES;
				CLANG_WARN_RANGE_LOOP_ANALYSIS = YES;
				CLANG_WARN_STRICT_PROTOTYPES = YES;
				CLANG_WARN_SUSPICIOUS_MOVE = YES;
				CLANG_WARN_UNGUARDED_AVAILABILITY = YES_AGGRESSIVE;
				CLANG_WARN_UNREACHABLE_CODE = YES;
				CLANG_WARN__DUPLICATE_METHOD_MATCH = YES;
				COPY_PHASE_STRIP = NO;
				DEBUG_INFORMATION_FORMAT = dwarf;
				ENABLE_STRICT_OBJC_MSGSEND = YES;
				ENABLE_TESTABILITY = YES;
				ENABLE_USER_SCRIPT_SANDBOXING = YES;
				GCC_C_LANGUAGE_STANDARD = gnu17;
				GCC_DYNAMIC_NO_PIC = NO;
				GCC_NO_COMMON_BLOCKS = YES;
				GCC_OPTIMIZATION_LEVEL = 0;
				GCC_PREPROCESSOR_DEFINITIONS = (
					"DEBUG=1",
					"$(inherited)",
				);
				GCC_WARN_64_TO_32_BIT_CONVERSION = YES;
				GCC_WARN_ABOUT_RETURN_TYPE = YES_ERROR;
				GCC_WARN_UNDECLARED_SELECTOR = YES;
				GCC_WARN_UNINITIALIZED_AUTOS = YES_AGGRESSIVE;
				GCC_WARN_UNUSED_FUNCTION = YES;
				GCC_WARN_UNUSED_VARIABLE = YES;
				IPHONEOS_DEPLOYMENT_TARGET = 18.5;
				LOCALIZATION_PREFERS_STRING_CATALOGS = YES;
				MTL_ENABLE_DEBUG_INFO = INCLUDE_SOURCE;
				MTL_FAST_MATH = YES;
				ONLY_ACTIVE_ARCH = YES;
				SDKROOT = iphoneos;
				SWIFT_ACTIVE_COMPILATION_CONDITIONS = "DEBUG $(inherited)";
				SWIFT_OPTIMIZATION_LEVEL = "-Onone";
			};
			name = Debug;
		};
		364DFEB32E258FED0021D6DC /* Release */ = {
			isa = XCBuildConfiguration;
			buildSettings = {
				ALWAYS_SEARCH_USER_PATHS = NO;
				ASSETCATALOG_COMPILER_GENERATE_SWIFT_ASSET_SYMBOL_EXTENSIONS = YES;
				CLANG_ANALYZER_NONNULL = YES;
				CLANG_ANALYZER_NUMBER_OBJECT_CONVERSION = YES_AGGRESSIVE;
				CLANG_CXX_LANGUAGE_STANDARD = "gnu++20";
				CLANG_ENABLE_MODULES = YES;
				CLANG_ENABLE_OBJC_ARC = YES;
				CLANG_ENABLE_OBJC_WEAK = YES;
				CLANG_WARN_BLOCK_CAPTURE_AUTORELEASING = YES;
				CLANG_WARN_BOOL_CONVERSION = YES;
				CLANG_WARN_COMMA = YES;
				CLANG_WARN_CONSTANT_CONVERSION = YES;
				CLANG_WARN_DEPRECATED_OBJC_IMPLEMENTATIONS = YES;
				CLANG_WARN_DIRECT_OBJC_ISA_USAGE = YES_ERROR;
				CLANG_WARN_DOCUMENTATION_COMMENTS = YES;
				CLANG_WARN_EMPTY_BODY = YES;
				CLANG_WARN_ENUM_CONVERSION = YES;
				CLANG_WARN_INFINITE_RECURSION = YES;
				CLANG_WARN_INT_CONVERSION = YES;
				CLANG_WARN_NON_LITERAL_NULL_CONVERSION = YES;
				CLANG_WARN_OBJC_IMPLICIT_RETAIN_SELF = YES;
				CLANG_WARN_OBJC_LITERAL_CONVERSION = YES;
				CLANG_WARN_OBJC_ROOT_CLASS = YES_ERROR;
				CLANG_WARN_QUOTED_INCLUDE_IN_FRAMEWORK_HEADER = YES;
				CLANG_WARN_RANGE_LOOP_ANALYSIS = YES;
				CLANG_WARN_STRICT_PROTOTYPES = YES;
				CLANG_WARN_SUSPICIOUS_MOVE = YES;
				CLANG_WARN_UNGUARDED_AVAILABILITY = YES_AGGRESSIVE;
				CLANG_WARN_UNREACHABLE_CODE = YES;
				CLANG_WARN__DUPLICATE_METHOD_MATCH = YES;
				COPY_PHASE_STRIP = NO;
				DEBUG_INFORMATION_FORMAT = "dwarf-with-dsym";
				ENABLE_NS_ASSERTIONS = NO;
				ENABLE_STRICT_OBJC_MSGSEND = YES;
				ENABLE_USER_SCRIPT_SANDBOXING = YES;
				GCC_C_LANGUAGE_STANDARD = gnu17;
				GCC_NO_COMMON_BLOCKS = YES;
				GCC_WARN_64_TO_32_BIT_CONVERSION = YES;
				GCC_WARN_ABOUT_RETURN_TYPE = YES_ERROR;
				GCC_WARN_UNDECLARED_SELECTOR = YES;
				GCC_WARN_UNINITIALIZED_AUTOS = YES_AGGRESSIVE;
				GCC_WARN_UNUSED_FUNCTION = YES;
				GCC_WARN_UNUSED_VARIABLE = YES;
				IPHONEOS_DEPLOYMENT_TARGET = 18.5;
				LOCALIZATION_PREFERS_STRING_CATALOGS = YES;
				MTL_ENABLE_DEBUG_INFO = NO;
				MTL_FAST_MATH = YES;
				SDKROOT = iphoneos;
				SWIFT_COMPILATION_MODE = wholemodule;
				VALIDATE_PRODUCT = YES;
			};
			name = Release;
		};
		364DFEB52E258FED0021D6DC /* Debug */ = {
			isa = XCBuildConfiguration;
			buildSettings = {
				ASSETCATALOG_COMPILER_APPICON_NAME = AppIcon;
				ASSETCATALOG_COMPILER_GLOBAL_ACCENT_COLOR_NAME = AccentColor;
				CODE_SIGN_STYLE = Automatic;
				CURRENT_PROJECT_VERSION = 1;
				ENABLE_PREVIEWS = YES;
				GENERATE_INFOPLIST_FILE = YES;
				INFOPLIST_KEY_UIApplicationSceneManifest_Generation = YES;
				INFOPLIST_KEY_UIApplicationSupportsIndirectInputEvents = YES;
				INFOPLIST_KEY_UILaunchScreen_Generation = YES;
				INFOPLIST_KEY_UISupportedInterfaceOrientations_iPad = "UIInterfaceOrientationPortrait UIInterfaceOrientationPortraitUpsideDown UIInterfaceOrientationLandscapeLeft UIInterfaceOrientationLandscapeRight";
				INFOPLIST_KEY_UISupportedInterfaceOrientations_iPhone = "UIInterfaceOrientationPortrait UIInterfaceOrientationLandscapeLeft UIInterfaceOrientationLandscapeRight";
				LD_RUNPATH_SEARCH_PATHS = (
					"$(inherited)",
					"@executable_path/Frameworks",
				);
				MARKETING_VERSION = 1.0;
				PRODUCT_BUNDLE_IDENTIFIER = "com.app.Zero-Delay";
				PRODUCT_NAME = "$(TARGET_NAME)";
				SWIFT_EMIT_LOC_STRINGS = YES;
				SWIFT_VERSION = 5.0;
				TARGETED_DEVICE_FAMILY = "1,2";
			};
			name = Debug;
		};
		364DFEB62E258FED0021D6DC /* Release */ = {
			isa = XCBuildConfiguration;
			buildSettings = {
				ASSETCATALOG_COMPILER_APPICON_NAME = AppIcon;
				ASSETCATALOG_COMPILER_GLOBAL_ACCENT_COLOR_NAME = AccentColor;
				CODE_SIGN_STYLE = Automatic;
				CURRENT_PROJECT_VERSION = 1;
				ENABLE_PREVIEWS = YES;
				GENERATE_INFOPLIST_FILE = YES;
				INFOPLIST_KEY_UIApplicationSceneManifest_Generation = YES;
				INFOPLIST_KEY_UIApplicationSupportsIndirectInputEvents = YES;
				INFOPLIST_KEY_UILaunchScreen_Generation = YES;
				INFOPLIST_KEY_UISupportedInterfaceOrientations_iPad = "UIInterfaceOrientationPortrait UIInterfaceOrientationPortraitUpsideDown UIInterfaceOrientationLandscapeLeft UIInterfaceOrientationLandscapeRight";
				INFOPLIST_KEY_UISupportedInterfaceOrientations_iPhone = "UIInterfaceOrientationPortrait UIInterfaceOrientationLandscapeLeft UIInterfaceOrientationLandscapeRight";
				LD_RUNPATH_SEARCH_PATHS = (
					"$(inherited)",
					"@executable_path/Frameworks",
				);
				MARKETING_VERSION = 1.0;
				PRODUCT_BUNDLE_IDENTIFIER = "com.app.Zero-Delay";
				PRODUCT_NAME = "$(TARGET_NAME)";
				SWIFT_EMIT_LOC_STRINGS = YES;
				SWIFT_VERSION = 5.0;
				TARGETED_DEVICE_FAMILY = "1,2";
			};
			name = Release;
		};
		364DFEB82E258FED0021D6DC /* Debug */ = {
			isa = XCBuildConfiguration;
			buildSettings = {
				BUNDLE_LOADER = "$(TEST_HOST)";
				CODE_SIGN_STYLE = Automatic;
				CURRENT_PROJECT_VERSION = 1;
				GENERATE_INFOPLIST_FILE = YES;
				IPHONEOS_DEPLOYMENT_TARGET = 18.5;
				MARKETING_VERSION = 1.0;
				PRODUCT_BUNDLE_IDENTIFIER = "com.app.Zero-DelayTests";
				PRODUCT_NAME = "$(TARGET_NAME)";
				SWIFT_EMIT_LOC_STRINGS = NO;
				SWIFT_VERSION = 5.0;
				TARGETED_DEVICE_FAMILY = "1,2";
				TEST_HOST = "$(BUILT_PRODUCTS_DIR)/Zero Delay.app/$(BUNDLE_EXECUTABLE_FOLDER_PATH)/Zero Delay";
			};
			name = Debug;
		};
		364DFEB92E258FED0021D6DC /* Release */ = {
			isa = XCBuildConfiguration;
			buildSettings = {
				BUNDLE_LOADER = "$(TEST_HOST)";
				CODE_SIGN_STYLE = Automatic;
				CURRENT_PROJECT_VERSION = 1;
				GENERATE_INFOPLIST_FILE = YES;
				IPHONEOS_DEPLOYMENT_TARGET = 18.5;
				MARKETING_VERSION = 1.0;
				PRODUCT_BUNDLE_IDENTIFIER = "com.app.Zero-DelayTests";
				PRODUCT_NAME = "$(TARGET_NAME)";
				SWIFT_EMIT_LOC_STRINGS = NO;
				SWIFT_VERSION = 5.0;
				TARGETED_DEVICE_FAMILY = "1,2";
				TEST_HOST = "$(BUILT_PRODUCTS_DIR)/Zero Delay.app/$(BUNDLE_EXECUTABLE_FOLDER_PATH)/Zero Delay";
			};
			name = Release;
		};
		364DFEBB2E258FED0021D6DC /* Debug */ = {
			isa = XCBuildConfiguration;
			buildSettings = {
				CODE_SIGN_STYLE = Automatic;
				CURRENT_PROJECT_VERSION = 1;
				GENERATE_INFOPLIST_FILE = YES;
				MARKETING_VERSION = 1.0;
				PRODUCT_BUNDLE_IDENTIFIER = "com.app.Zero-DelayUITests";
				PRODUCT_NAME = "$(TARGET_NAME)";
				SWIFT_EMIT_LOC_STRINGS = NO;
				SWIFT_VERSION = 5.0;
				TARGETED_DEVICE_FAMILY = "1,2";
				TEST_TARGET_NAME = "Zero Delay";
			};
			name = Debug;
		};
		364DFEBC2E258FED0021D6DC /* Release */ = {
			isa = XCBuildConfiguration;
			buildSettings = {
				CODE_SIGN_STYLE = Automatic;
				CURRENT_PROJECT_VERSION = 1;
				GENERATE_INFOPLIST_FILE = YES;
				MARKETING_VERSION = 1.0;
				PRODUCT_BUNDLE_IDENTIFIER = "com.app.Zero-DelayUITests";
				PRODUCT_NAME = "$(TARGET_NAME)";
				SWIFT_EMIT_LOC_STRINGS = NO;
				SWIFT_VERSION = 5.0;
				TARGETED_DEVICE_FAMILY = "1,2";
				TEST_TARGET_NAME = "Zero Delay";
			};
			name = Release;
		};
/* End XCBuildConfiguration section */

/* Begin XCConfigurationList section */
		364DFE8E2E258FEB0021D6DC /* Build configuration list for PBXProject "Zero Delay" */ = {
			isa = XCConfigurationList;
			buildConfigurations = (
				364DFEB22E258FED0021D6DC /* Debug */,
				364DFEB32E258FED0021D6DC /* Release */,
			);
			defaultConfigurationIsVisible = 0;
			defaultConfigurationName = Release;
		};
		364DFEB42E258FED0021D6DC /* Build configuration list for PBXNativeTarget "Zero Delay" */ = {
			isa = XCConfigurationList;
			buildConfigurations = (
				364DFEB52E258FED0021D6DC /* Debug */,
				364DFEB62E258FED0021D6DC /* Release */,
			);
			defaultConfigurationIsVisible = 0;
			defaultConfigurationName = Release;
		};
		364DFEB72E258FED0021D6DC /* Build configuration list for PBXNativeTarget "Zero DelayTests" */ = {
			isa = XCConfigurationList;
			buildConfigurations = (
				364DFEB82E258FED0021D6DC /* Debug */,
				364DFEB92E258FED0021D6DC /* Release */,
			);
			defaultConfigurationIsVisible = 0;
			defaultConfigurationName = Release;
		};
		364DFEBA2E258FED0021D6DC /* Build configuration list for PBXNativeTarget "Zero DelayUITests" */ = {
			isa = XCConfigurationList;
			buildConfigurations = (
				364DFEBB2E258FED0021D6DC /* Debug */,
				364DFEBC2E258FED0021D6DC /* Release */,
			);
			defaultConfigurationIsVisible = 0;
			defaultConfigurationName = Release;
		};
/* End XCConfigurationList section */
	};
	rootObject = 364DFE8B2E258FEB0021D6DC /* Project object */;
}
